
Microsoft Visual Studio Solution File, Format Version 12.00
# Visual Studio Version 17
VisualStudioVersion = 17.6.33815.320
MinimumVisualStudioVersion = 10.0.40219.1
Project("{FAE04EC0-301F-11D3-BF4B-00C04F79EFBC}") = "CaesarCipherCompleteApp", "CaesarCipherCompleteApp.csproj", "{0BF52E0B-CF09-49D0-862E-0A4C5C5CEE27}"
EndProject
Global
	GlobalSection(SolutionConfigurationPlatforms) = preSolution
		Debug|Any CPU = Debug|Any CPU
		Release|Any CPU = Release|Any CPU
	EndGlobalSection
	GlobalSection(ProjectConfigurationPlatforms) = postSolution
		{0BF52E0B-CF09-49D0-862E-0A4C5C5CEE27}.Debug|Any CPU.ActiveCfg = Debug|Any CPU
		{0BF52E0B-CF09-49D0-862E-0A4C5C5CEE27}.Debug|Any CPU.Build.0 = Debug|Any CPU
		{0BF52E0B-CF09-49D0-862E-0A4C5C5CEE27}.Release|Any CPU.ActiveCfg = Release|Any CPU
		{0BF52E0B-CF09-49D0-862E-0A4C5C5CEE27}.Release|Any CPU.Build.0 = Release|Any CPU
	EndGlobalSection
	GlobalSection(SolutionProperties) = preSolution
		HideSolutionNode = FALSE
	EndGlobalSection
	GlobalSection(ExtensibilityGlobals) = postSolution
		SolutionGuid = {5F062FEA-A32B-4781-888F-5D732466B27D}
	EndGlobalSection
EndGlobal
